{
  "name": "mysite.ru",
  "lockfileVersion": 2,
  "requires": true,
  "packages": {
    "": {
      "dependencies": {
        "xlsexport": "^1.5.2"
      }
    },
    "node_modules/xlsexport": {
      "version": "1.5.2",
      "resolved": "https://registry.npmjs.org/xlsexport/-/xlsexport-1.5.2.tgz",
      "integrity": "sha512-cyyDdZBjlxNl7IIz3/v8CeYwRxb5dXCclDJAv42mrjbUER1ILlWP33zXj7Q/lUc9RUOF5cU4L7iSzQVXSrq8oA=="
    }
  },
  "dependencies": {
    "xlsexport": {
      "version": "1.5.2",
      "resolved": "https://registry.npmjs.org/xlsexport/-/xlsexport-1.5.2.tgz",
      "integrity": "sha512-cyyDdZBjlxNl7IIz3/v8CeYwRxb5dXCclDJAv42mrjbUER1ILlWP33zXj7Q/lUc9RUOF5cU4L7iSzQVXSrq8oA=="
    }
  }
}
